# This file is autogenerated, do not edit; changes may be undone by the next 'dep ensure'.


[[projects]]
  name = "github.com/armon/go-metrics"
  packages = ["."]
  revision = "3df31a1ada83e310c2e24b267c8e8b68836547b4"

[[projects]]
  name = "github.com/hashicorp/consul"
  packages = ["api"]
  revision = "9a494b5fb9c86180a5702e29c485df1507a47198"
  version = "v1.0.6"

[[projects]]
  branch = "master"
  name = "github.com/hashicorp/go-cleanhttp"
  packages = ["."]
  revision = "d5fe4b57a186c716b0e00b8c301cbd9b4182694d"

[[projects]]
  branch = "master"
  name = "github.com/hashicorp/go-rootcerts"
  packages = ["."]
  revision = "6bb64b370b90e7ef1fa532be9e591a81c3493e00"

[[projects]]
  name = "github.com/hashicorp/serf"
  packages = ["coordinate"]
  revision = "b6017ae61f4420ed0c02d5eeeb9ff3fc02953f14"

[[projects]]
  name = "github.com/julienschmidt/httprouter"
  packages = ["."]
  revision = "8c199fb6259ffc1af525cc3ad52ee60ba8359669"
  version = "v1.1"

[[projects]]
  branch = "master"
  name = "github.com/mitchellh/go-homedir"
  packages = ["."]
  revision = "b8bc1bf767474819792c23f32d8286a45736f1c6"

[[projects]]
  name = "github.com/robfig/cron"
  packages = ["."]
  revision = "b024fc5ea0e34bc3f83d9941c8d60b0622bfaca4"
  version = "v1"

[[projects]]
  name = "gopkg.in/yaml.v2"
  packages = ["."]
  revision = "5420a8b6744d3b0345ab293f6fcba19c978f1183"
  version = "v2.2.1"

[solve-meta]
  analyzer-name = "dep"
  analyzer-version = 1
  inputs-digest = "5ef41d961ee2321dc15048adf8cba4bb1819911c71874f23e3c7911d60a8e1b6"
  solver-name = "gps-cdcl"
  solver-version = 1
